
Microsoft Visual Studio Solution File, Format Version 12.00
# Visual Studio Version 16
VisualStudioVersion = 16.0.29324.140
MinimumVisualStudioVersion = 10.0.40219.1
Project("{FAE04EC0-301F-11D3-BF4B-00C04F79EFBC}") = "RobotBehaviourDesigner.UI", "RobotBehaviorDesigner.UI\RobotBehaviourDesigner.UI.csproj", "{61ADF2C3-4703-406A-9B94-BFD75D8AEA91}"
EndProject
Project("{FAE04EC0-301F-11D3-BF4B-00C04F79EFBC}") = "RobotBehaviourDesigner.Model", "RobotBehaviorDesigner.Model\RobotBehaviourDesigner.Model.csproj", "{3943529C-DD85-4EC1-908E-93409B052684}"
EndProject
Project("{FAE04EC0-301F-11D3-BF4B-00C04F79EFBC}") = "RobotBehaviourDesigner.DataAccess", "RobotBehaviourDesigner.DataAccess\RobotBehaviourDesigner.DataAccess.csproj", "{45E958CF-531C-4521-AE05-7F4BCED522D5}"
EndProject
Global
	GlobalSection(SolutionConfigurationPlatforms) = preSolution
		Debug|Any CPU = Debug|Any CPU
		Release|Any CPU = Release|Any CPU
	EndGlobalSection
	GlobalSection(ProjectConfigurationPlatforms) = postSolution
		{61ADF2C3-4703-406A-9B94-BFD75D8AEA91}.Debug|Any CPU.ActiveCfg = Debug|Any CPU
		{61ADF2C3-4703-406A-9B94-BFD75D8AEA91}.Debug|Any CPU.Build.0 = Debug|Any CPU
		{61ADF2C3-4703-406A-9B94-BFD75D8AEA91}.Release|Any CPU.ActiveCfg = Release|Any CPU
		{61ADF2C3-4703-406A-9B94-BFD75D8AEA91}.Release|Any CPU.Build.0 = Release|Any CPU
		{3943529C-DD85-4EC1-908E-93409B052684}.Debug|Any CPU.ActiveCfg = Debug|Any CPU
		{3943529C-DD85-4EC1-908E-93409B052684}.Debug|Any CPU.Build.0 = Debug|Any CPU
		{3943529C-DD85-4EC1-908E-93409B052684}.Release|Any CPU.ActiveCfg = Release|Any CPU
		{3943529C-DD85-4EC1-908E-93409B052684}.Release|Any CPU.Build.0 = Release|Any CPU
		{45E958CF-531C-4521-AE05-7F4BCED522D5}.Debug|Any CPU.ActiveCfg = Debug|Any CPU
		{45E958CF-531C-4521-AE05-7F4BCED522D5}.Debug|Any CPU.Build.0 = Debug|Any CPU
		{45E958CF-531C-4521-AE05-7F4BCED522D5}.Release|Any CPU.ActiveCfg = Release|Any CPU
		{45E958CF-531C-4521-AE05-7F4BCED522D5}.Release|Any CPU.Build.0 = Release|Any CPU
	EndGlobalSection
	GlobalSection(SolutionProperties) = preSolution
		HideSolutionNode = FALSE
	EndGlobalSection
	GlobalSection(ExtensibilityGlobals) = postSolution
		SolutionGuid = {12D7EB15-0EFA-4A54-917D-E0F731441E74}
	EndGlobalSection
EndGlobal
